Microsoft Visual Studio Solution File, Format Version 12.00
# Visual Studio Version 17
VisualStudioVersion = 17.5.2.0
MinimumVisualStudioVersion = 10.0.40219.1
Project("{FAE04EC0-301F-11D3-BF4B-00C04F79EFBC}") = "RendererUI", "RendererUI\RendererUI.csproj", "{ECAB58A3-2531-D7AE-08FC-E129B61EE1B3}"
EndProject
Global
	GlobalSection(SolutionConfigurationPlatforms) = preSolution
		Debug|Any CPU = Debug|Any CPU
		Release|Any CPU = Release|Any CPU
	EndGlobalSection
	GlobalSection(ProjectConfigurationPlatforms) = postSolution
		{ECAB58A3-2531-D7AE-08FC-E129B61EE1B3}.Debug|Any CPU.ActiveCfg = Debug|Any CPU
		{ECAB58A3-2531-D7AE-08FC-E129B61EE1B3}.Debug|Any CPU.Build.0 = Debug|Any CPU
		{ECAB58A3-2531-D7AE-08FC-E129B61EE1B3}.Release|Any CPU.ActiveCfg = Release|Any CPU
		{ECAB58A3-2531-D7AE-08FC-E129B61EE1B3}.Release|Any CPU.Build.0 = Release|Any CPU
	EndGlobalSection
	GlobalSection(SolutionProperties) = preSolution
		HideSolutionNode = FALSE
	EndGlobalSection
	GlobalSection(ExtensibilityGlobals) = postSolution
		SolutionGuid = {C064D94B-E59B-4D4C-9D01-0174065E960D}
	EndGlobalSection
EndGlobal
